// !$*UTF8*$!
{
	archiveVersion = 1;
	classes = {
	};
	objectVersion = 46;
	objects = {

/* Begin PBXBuildFile section */
		1B2644CD1C58369700BBC6EC /* AppDelegate.swift in Sources */ = {isa = PBXBuildFile; fileRef = 1B2644CC1C58369700BBC6EC /* AppDelegate.swift */; };
		1B2644CF1C58369700BBC6EC /* ViewController.swift in Sources */ = {isa = PBXBuildFile; fileRef = 1B2644CE1C58369700BBC6EC /* ViewController.swift */; };
		1B2644D21C58369700BBC6EC /* Main.storyboard in Resources */ = {isa = PBXBuildFile; fileRef = 1B2644D01C58369700BBC6EC /* Main.storyboard */; };
		1B2644D41C58369700BBC6EC /* Assets.xcassets in Resources */ = {isa = PBXBuildFile; fileRef = 1B2644D31C58369700BBC6EC /* Assets.xcassets */; };
		1B2644D71C58369700BBC6EC /* LaunchScreen.storyboard in Resources */ = {isa = PBXBuildFile; fileRef = 1B2644D51C58369700BBC6EC /* LaunchScreen.storyboard */; };
/* End PBXBuildFile section */

/* Begin PBXFileReference section */
		1B2644C91C58369600BBC6EC /* Yo Time.app */ = {isa = PBXFileReference; explicitFileType = wrapper.application; includeInIndex = 0; path = "Yo Time.app"; sourceTree = BUILT_PRODUCTS_DIR; };
		1B2644CC1C58369700BBC6EC /* AppDelegate.swift */ = {isa = PBXFileReference; lastKnownFileType = sourcecode.swift; path = AppDelegate.swift; sourceTree = "<group>"; };
		1B2644CE1C58369700BBC6EC /* ViewController.swift */ = {isa = PBXFileReference; lastKnownFileType = sourcecode.swift; path = ViewController.swift; sourceTree = "<group>"; };
		1B2644D11C58369700BBC6EC /* Base */ = {isa = PBXFileReference; lastKnownFileType = file.storyboard; name = Base; path = Base.lproj/Main.storyboard; sourceTree = "<group>"; };
		1B2644D31C58369700BBC6EC /* Assets.xcassets */ = {isa = PBXFileReference; lastKnownFileType = folder.assetcatalog; path = Assets.xcassets; sourceTree = "<group>"; };
		1B2644D61C58369700BBC6EC /* Base */ = {isa = PBXFileReference; lastKnownFileType = file.storyboard; name = Base; path = Base.lproj/LaunchScreen.storyboard; sourceTree = "<group>"; };
		1B2644D81C58369700BBC6EC /* Info.plist */ = {isa = PBXFileReference; lastKnownFileType = text.plist.xml; path = Info.plist; sourceTree = "<group>"; };
/* End PBXFileReference section */

/* Begin PBXFrameworksBuildPhase section */
		1B2644C61C58369600BBC6EC /* Frameworks */ = {
			isa = PBXFrameworksBuildPhase;
			buildActionMask = 2147483647;
			files = (
			);
			runOnlyForDeploymentPostprocessing = 0;
		};
/* End PBXFrameworksBuildPhase section */

/* Begin PBXGroup section */
		1B2644C01C58369600BBC6EC = {
			isa = PBXGroup;
			children = (
				1B2644CB1C58369600BBC6EC /* Yo Time */,
				1B2644CA1C58369600BBC6EC /* Products */,
			);
			sourceTree = "<group>";
		};
		1B2644CA1C58369600BBC6EC /* Products */ = {
			isa = PBXGroup;
			children = (
				1B2644C91C58369600BBC6EC /* Yo Time.app */,
			);
			name = Products;
			sourceTree = "<group>";
		};
		1B2644CB1C58369600BBC6EC /* Yo Time */ = {
			isa = PBXGroup;
			children = (
				1B2644CC1C58369700BBC6EC /* AppDelegate.swift */,
				1B2644CE1C58369700BBC6EC /* ViewController.swift */,
				1B2644D01C58369700BBC6EC /* Main.storyboard */,
				1B2644D31C58369700BBC6EC /* Assets.xcassets */,
				1B2644D51C58369700BBC6EC /* LaunchScreen.storyboard */,
				1B2644D81C58369700BBC6EC /* Info.plist */,
			);
			path = "Yo Time";
			sourceTree = "<group>";
		};
/* End PBXGroup section */

/* Begin PBXNativeTarget section */
		1B2644C81C58369600BBC6EC /* Yo Time */ = {
			isa = PBXNativeTarget;
			buildConfigurationList = 1B2644DB1C58369700BBC6EC /* Build configuration list for PBXNativeTarget "Yo Time" */;
			buildPhases = (
				1B2644C51C58369600BBC6EC /* Sources */,
				1B2644C61C58369600BBC6EC /* Frameworks */,
				1B2644C71C58369600BBC6EC /* Resources */,
			);
			buildRules = (
			);
			dependencies = (
			);
			name = "Yo Time";
			productName = "Yo Time";
			productReference = 1B2644C91C58369600BBC6EC /* Yo Time.app */;
			productType = "com.apple.product-type.application";
		};
/* End PBXNativeTarget section */

/* Begin PBXProject section */
		1B2644C11C58369600BBC6EC /* Project object */ = {
			isa = PBXProject;
			attributes = {
				LastSwiftUpdateCheck = 0720;
				LastUpgradeCheck = 0720;
				ORGANIZATIONNAME = JustInCode;
				TargetAttributes = {
					1B2644C81C58369600BBC6EC = {
						CreatedOnToolsVersion = 7.2;
						DevelopmentTeam = DX79ZG48KH;
					};
				};
			};
			buildConfigurationList = 1B2644C41C58369600BBC6EC /* Build configuration list for PBXProject "Yo Time" */;
			compatibilityVersion = "Xcode 3.2";
			developmentRegion = English;
			hasScannedForEncodings = 0;
			knownRegions = (
				en,
				Base,
			);
			mainGroup = 1B2644C01C58369600BBC6EC;
			productRefGroup = 1B2644CA1C58369600BBC6EC /* Products */;
			projectDirPath = "";
			projectRoot = "";
			targets = (
				1B2644C81C58369600BBC6EC /* Yo Time */,
			);
		};
/* End PBXProject section */

/* Begin PBXResourcesBuildPhase section */
		1B2644C71C58369600BBC6EC /* Resources */ = {
			isa = PBXResourcesBuildPhase;
			buildActionMask = 2147483647;
			files = (
				1B2644D71C58369700BBC6EC /* LaunchScreen.storyboard in Resources */,
				1B2644D41C58369700BBC6EC /* Assets.xcassets in Resources */,
				1B2644D21C58369700BBC6EC /* Main.storyboard in Resources */,
			);
			runOnlyForDeploymentPostprocessing = 0;
		};
/* End PBXResourcesBuildPhase section */

/* Begin PBXSourcesBuildPhase section */
		1B2644C51C58369600BBC6EC /* Sources */ = {
			isa = PBXSourcesBuildPhase;
			buildActionMask = 2147483647;
			files = (
				1B2644CF1C58369700BBC6EC /* ViewController.swift in Sources */,
				1B2644CD1C58369700BBC6EC /* AppDelegate.swift in Sources */,
			);
			runOnlyForDeploymentPostprocessing = 0;
		};
/* End PBXSourcesBuildPhase section */

/* Begin PBXVariantGroup section */
		1B2644D01C58369700BBC6EC /* Main.storyboard */ = {
			isa = PBXVariantGroup;
			children = (
				1B2644D11C58369700BBC6EC /* Base */,
			);
			name = Main.storyboard;
			sourceTree = "<group>";
		};
		1B2644D51C58369700BBC6EC /* LaunchScreen.storyboard */ = {
			isa = PBXVariantGroup;
			children = (
				1B2644D61C58369700BBC6EC /* Base */,
			);
			name = LaunchScreen.storyboard;
			sourceTree = "<group>";
		};
/* End PBXVariantGroup section */

/* Begin XCBuildConfiguration section */
		1B2644D91C58369700BBC6EC /* Debug */ = {
			isa = XCBuildConfiguration;
			buildSettings = {
				ALWAYS_SEARCH_USER_PATHS = NO;
				CLANG_CXX_LANGUAGE_STANDARD = "gnu++0x";
				CLANG_CXX_LIBRARY = "libc++";
				CLANG_ENABLE_MODULES = YES;
				CLANG_ENABLE_OBJC_ARC = YES;
				CLANG_WARN_BOOL_CONVERSION = YES;
				CLANG_WARN_CONSTANT_CONVERSION = YES;
				CLANG_WARN_DIRECT_OBJC_ISA_USAGE = YES_ERROR;
				CLANG_WARN_EMPTY_BODY = YES;
				CLANG_WARN_ENUM_CONVERSION = YES;
				CLANG_WARN_INT_CONVERSION = YES;
				CLANG_WARN_OBJC_ROOT_CLASS = YES_ERROR;
				CLANG_WARN_UNREACHABLE_CODE = YES;
				CLANG_WARN__DUPLICATE_METHOD_MATCH = YES;
				"CODE_SIGN_IDENTITY[sdk=iphoneos*]" = "iPhone Developer";
				COPY_PHASE_STRIP = NO;
				DEBUG_INFORMATION_FORMAT = dwarf;
				ENABLE_STRICT_OBJC_MSGSEND = YES;
				ENABLE_TESTABILITY = YES;
				GCC_C_LANGUAGE_STANDARD = gnu99;
				GCC_DYNAMIC_NO_PIC = NO;
				GCC_NO_COMMON_BLOCKS = YES;
				GCC_OPTIMIZATION_LEVEL = 0;
				GCC_PREPROCESSOR_DEFINITIONS = (
					"DEBUG=1",
					"$(inherited)",
				);
				GCC_WARN_64_TO_32_BIT_CONVERSION = YES;
				GCC_WARN_ABOUT_RETURN_TYPE = YES_ERROR;
				GCC_WARN_UNDECLARED_SELECTOR = YES;
				GCC_WARN_UNINITIALIZED_AUTOS = YES_AGGRESSIVE;
				GCC_WARN_UNUSED_FUNCTION = YES;
				GCC_WARN_UNUSED_VARIABLE = YES;
				IPHONEOS_DEPLOYMENT_TARGET = 9.2;
				MTL_ENABLE_DEBUG_INFO = YES;
				ONLY_ACTIVE_ARCH = YES;
				SDKROOT = iphoneos;
				SWIFT_OPTIMIZATION_LEVEL = "-Onone";
			};
			name = Debug;
		};
		1B2644DA1C58369700BBC6EC /* Release */ = {
			isa = XCBuildConfiguration;
			buildSettings = {
				ALWAYS_SEARCH_USER_PATHS = NO;
				CLANG_CXX_LANGUAGE_STANDARD = "gnu++0x";
				CLANG_CXX_LIBRARY = "libc++";
				CLANG_ENABLE_MODULES = YES;
				CLANG_ENABLE_OBJC_ARC = YES;
				CLANG_WARN_BOOL_CONVERSION = YES;
				CLANG_WARN_CONSTANT_CONVERSION = YES;
				CLANG_WARN_DIRECT_OBJC_ISA_USAGE = YES_ERROR;
				CLANG_WARN_EMPTY_BODY = YES;
				CLANG_WARN_ENUM_CONVERSION = YES;
				CLANG_WARN_INT_CONVERSION = YES;
				CLANG_WARN_OBJC_ROOT_CLASS = YES_ERROR;
				CLANG_WARN_UNREACHABLE_CODE = YES;
				CLANG_WARN__DUPLICATE_METHOD_MATCH = YES;
				"CODE_SIGN_IDENTITY[sdk=iphoneos*]" = "iPhone Developer";
				COPY_PHASE_STRIP = NO;
				DEBUG_INFORMATION_FORMAT = "dwarf-with-dsym";
				ENABLE_NS_ASSERTIONS = NO;
				ENABLE_STRICT_OBJC_MSGSEND = YES;
				GCC_C_LANGUAGE_STANDARD = gnu99;
				GCC_NO_COMMON_BLOCKS = YES;
				GCC_WARN_64_TO_32_BIT_CONVERSION = YES;
				GCC_WARN_ABOUT_RETURN_TYPE = YES_ERROR;
				GCC_WARN_UNDECLARED_SELECTOR = YES;
				GCC_WARN_UNINITIALIZED_AUTOS = YES_AGGRESSIVE;
				GCC_WARN_UNUSED_FUNCTION = YES;
				GCC_WARN_UNUSED_VARIABLE = YES;
				IPHONEOS_DEPLOYMENT_TARGET = 9.2;
				MTL_ENABLE_DEBUG_INFO = NO;
				SDKROOT = iphoneos;
				VALIDATE_PRODUCT = YES;
			};
			name = Release;
		};
		1B2644DC1C58369700BBC6EC /* Debug */ = {
			isa = XCBuildConfiguration;
			buildSettings = {
				ASSETCATALOG_COMPILER_APPICON_NAME = AppIcon;
				INFOPLIST_FILE = "Yo Time/Info.plist";
				LD_RUNPATH_SEARCH_PATHS = "$(inherited) @executable_path/Frameworks";
				PRODUCT_BUNDLE_IDENTIFIER = "com.justincode.Yo-Time";
				PRODUCT_NAME = "$(TARGET_NAME)";
			};
			name = Debug;
		};
		1B2644DD1C58369700BBC6EC /* Release */ = {
			isa = XCBuildConfiguration;
			buildSettings = {
				ASSETCATALOG_COMPILER_APPICON_NAME = AppIcon;
				INFOPLIST_FILE = "Yo Time/Info.plist";
				LD_RUNPATH_SEARCH_PATHS = "$(inherited) @executable_path/Frameworks";
				PRODUCT_BUNDLE_IDENTIFIER = "com.justincode.Yo-Time";
				PRODUCT_NAME = "$(TARGET_NAME)";
			};
			name = Release;
		};
/* End XCBuildConfiguration section */

/* Begin XCConfigurationList section */
		1B2644C41C58369600BBC6EC /* Build configuration list for PBXProject "Yo Time" */ = {
			isa = XCConfigurationList;
			buildConfigurations = (
				1B2644D91C58369700BBC6EC /* Debug */,
				1B2644DA1C58369700BBC6EC /* Release */,
			);
			defaultConfigurationIsVisible = 0;
			defaultConfigurationName = Release;
		};
		1B2644DB1C58369700BBC6EC /* Build configuration list for PBXNativeTarget "Yo Time" */ = {
			isa = XCConfigurationList;
			buildConfigurations = (
				1B2644DC1C58369700BBC6EC /* Debug */,
				1B2644DD1C58369700BBC6EC /* Release */,
			);
			defaultConfigurationIsVisible = 0;
		};
/* End XCConfigurationList section */
	};
	rootObject = 1B2644C11C58369600BBC6EC /* Project object */;
}
